
Microsoft Visual Studio Solution File, Format Version 12.00
# Visual Studio Version 16
VisualStudioVersion = 16.0.29806.167
MinimumVisualStudioVersion = 10.0.40219.1
Project("{FAE04EC0-301F-11D3-BF4B-00C04F79EFBC}") = "XFNotificationUseLib.Android", "XFNotificationUseLib\XFNotificationUseLib.Android\XFNotificationUseLib.Android.csproj", "{AA5F658E-412F-4C50-8AEC-4DA18893DA65}"
EndProject
Project("{FAE04EC0-301F-11D3-BF4B-00C04F79EFBC}") = "XFNotificationUseLib.iOS", "XFNotificationUseLib\XFNotificationUseLib.iOS\XFNotificationUseLib.iOS.csproj", "{0D8BC5B3-6750-442E-80A4-D9DDA956582B}"
EndProject
Project("{FAE04EC0-301F-11D3-BF4B-00C04F79EFBC}") = "XFNotificationUseLib", "XFNotificationUseLib\XFNotificationUseLib\XFNotificationUseLib.csproj", "{ACE8D01D-049D-46B7-AC63-14D87E55CA28}"
EndProject
Global
	GlobalSection(SolutionConfigurationPlatforms) = preSolution
		Debug|Any CPU = Debug|Any CPU
		Debug|iPhone = Debug|iPhone
		Debug|iPhoneSimulator = Debug|iPhoneSimulator
		Release|Any CPU = Release|Any CPU
		Release|iPhone = Release|iPhone
		Release|iPhoneSimulator = Release|iPhoneSimulator
	EndGlobalSection
	GlobalSection(ProjectConfigurationPlatforms) = postSolution
		{AA5F658E-412F-4C50-8AEC-4DA18893DA65}.Debug|Any CPU.ActiveCfg = Debug|Any CPU
		{AA5F658E-412F-4C50-8AEC-4DA18893DA65}.Debug|Any CPU.Build.0 = Debug|Any CPU
		{AA5F658E-412F-4C50-8AEC-4DA18893DA65}.Debug|Any CPU.Deploy.0 = Debug|Any CPU
		{AA5F658E-412F-4C50-8AEC-4DA18893DA65}.Debug|iPhone.ActiveCfg = Debug|Any CPU
		{AA5F658E-412F-4C50-8AEC-4DA18893DA65}.Debug|iPhone.Build.0 = Debug|Any CPU
		{AA5F658E-412F-4C50-8AEC-4DA18893DA65}.Debug|iPhone.Deploy.0 = Debug|Any CPU
		{AA5F658E-412F-4C50-8AEC-4DA18893DA65}.Debug|iPhoneSimulator.ActiveCfg = Debug|Any CPU
		{AA5F658E-412F-4C50-8AEC-4DA18893DA65}.Debug|iPhoneSimulator.Build.0 = Debug|Any CPU
		{AA5F658E-412F-4C50-8AEC-4DA18893DA65}.Debug|iPhoneSimulator.Deploy.0 = Debug|Any CPU
		{AA5F658E-412F-4C50-8AEC-4DA18893DA65}.Release|Any CPU.ActiveCfg = Release|Any CPU
		{AA5F658E-412F-4C50-8AEC-4DA18893DA65}.Release|Any CPU.Build.0 = Release|Any CPU
		{AA5F658E-412F-4C50-8AEC-4DA18893DA65}.Release|Any CPU.Deploy.0 = Release|Any CPU
		{AA5F658E-412F-4C50-8AEC-4DA18893DA65}.Release|iPhone.ActiveCfg = Release|Any CPU
		{AA5F658E-412F-4C50-8AEC-4DA18893DA65}.Release|iPhone.Build.0 = Release|Any CPU
		{AA5F658E-412F-4C50-8AEC-4DA18893DA65}.Release|iPhone.Deploy.0 = Release|Any CPU
		{AA5F658E-412F-4C50-8AEC-4DA18893DA65}.Release|iPhoneSimulator.ActiveCfg = Release|Any CPU
		{AA5F658E-412F-4C50-8AEC-4DA18893DA65}.Release|iPhoneSimulator.Build.0 = Release|Any CPU
		{AA5F658E-412F-4C50-8AEC-4DA18893DA65}.Release|iPhoneSimulator.Deploy.0 = Release|Any CPU
		{0D8BC5B3-6750-442E-80A4-D9DDA956582B}.Debug|Any CPU.ActiveCfg = Debug|iPhoneSimulator
		{0D8BC5B3-6750-442E-80A4-D9DDA956582B}.Debug|Any CPU.Build.0 = Debug|iPhoneSimulator
		{0D8BC5B3-6750-442E-80A4-D9DDA956582B}.Debug|Any CPU.Deploy.0 = Debug|iPhoneSimulator
		{0D8BC5B3-6750-442E-80A4-D9DDA956582B}.Debug|iPhone.ActiveCfg = Debug|iPhone
		{0D8BC5B3-6750-442E-80A4-D9DDA956582B}.Debug|iPhone.Build.0 = Debug|iPhone
		{0D8BC5B3-6750-442E-80A4-D9DDA956582B}.Debug|iPhone.Deploy.0 = Debug|iPhone
		{0D8BC5B3-6750-442E-80A4-D9DDA956582B}.Debug|iPhoneSimulator.ActiveCfg = Debug|iPhoneSimulator
		{0D8BC5B3-6750-442E-80A4-D9DDA956582B}.Debug|iPhoneSimulator.Build.0 = Debug|iPhoneSimulator
		{0D8BC5B3-6750-442E-80A4-D9DDA956582B}.Debug|iPhoneSimulator.Deploy.0 = Debug|iPhoneSimulator
		{0D8BC5B3-6750-442E-80A4-D9DDA956582B}.Release|Any CPU.ActiveCfg = Release|iPhone
		{0D8BC5B3-6750-442E-80A4-D9DDA956582B}.Release|Any CPU.Build.0 = Release|iPhone
		{0D8BC5B3-6750-442E-80A4-D9DDA956582B}.Release|Any CPU.Deploy.0 = Release|iPhone
		{0D8BC5B3-6750-442E-80A4-D9DDA956582B}.Release|iPhone.ActiveCfg = Release|iPhone
		{0D8BC5B3-6750-442E-80A4-D9DDA956582B}.Release|iPhone.Build.0 = Release|iPhone
		{0D8BC5B3-6750-442E-80A4-D9DDA956582B}.Release|iPhone.Deploy.0 = Release|iPhone
		{0D8BC5B3-6750-442E-80A4-D9DDA956582B}.Release|iPhoneSimulator.ActiveCfg = Release|iPhoneSimulator
		{0D8BC5B3-6750-442E-80A4-D9DDA956582B}.Release|iPhoneSimulator.Build.0 = Release|iPhoneSimulator
		{0D8BC5B3-6750-442E-80A4-D9DDA956582B}.Release|iPhoneSimulator.Deploy.0 = Release|iPhoneSimulator
		{ACE8D01D-049D-46B7-AC63-14D87E55CA28}.Debug|Any CPU.ActiveCfg = Debug|Any CPU
		{ACE8D01D-049D-46B7-AC63-14D87E55CA28}.Debug|Any CPU.Build.0 = Debug|Any CPU
		{ACE8D01D-049D-46B7-AC63-14D87E55CA28}.Debug|Any CPU.Deploy.0 = Debug|Any CPU
		{ACE8D01D-049D-46B7-AC63-14D87E55CA28}.Debug|iPhone.ActiveCfg = Debug|Any CPU
		{ACE8D01D-049D-46B7-AC63-14D87E55CA28}.Debug|iPhone.Build.0 = Debug|Any CPU
		{ACE8D01D-049D-46B7-AC63-14D87E55CA28}.Debug|iPhone.Deploy.0 = Debug|Any CPU
		{ACE8D01D-049D-46B7-AC63-14D87E55CA28}.Debug|iPhoneSimulator.ActiveCfg = Debug|Any CPU
		{ACE8D01D-049D-46B7-AC63-14D87E55CA28}.Debug|iPhoneSimulator.Build.0 = Debug|Any CPU
		{ACE8D01D-049D-46B7-AC63-14D87E55CA28}.Debug|iPhoneSimulator.Deploy.0 = Debug|Any CPU
		{ACE8D01D-049D-46B7-AC63-14D87E55CA28}.Release|Any CPU.ActiveCfg = Release|Any CPU
		{ACE8D01D-049D-46B7-AC63-14D87E55CA28}.Release|Any CPU.Build.0 = Release|Any CPU
		{ACE8D01D-049D-46B7-AC63-14D87E55CA28}.Release|Any CPU.Deploy.0 = Release|Any CPU
		{ACE8D01D-049D-46B7-AC63-14D87E55CA28}.Release|iPhone.ActiveCfg = Release|Any CPU
		{ACE8D01D-049D-46B7-AC63-14D87E55CA28}.Release|iPhone.Build.0 = Release|Any CPU
		{ACE8D01D-049D-46B7-AC63-14D87E55CA28}.Release|iPhone.Deploy.0 = Release|Any CPU
		{ACE8D01D-049D-46B7-AC63-14D87E55CA28}.Release|iPhoneSimulator.ActiveCfg = Release|Any CPU
		{ACE8D01D-049D-46B7-AC63-14D87E55CA28}.Release|iPhoneSimulator.Build.0 = Release|Any CPU
		{ACE8D01D-049D-46B7-AC63-14D87E55CA28}.Release|iPhoneSimulator.Deploy.0 = Release|Any CPU
	EndGlobalSection
	GlobalSection(SolutionProperties) = preSolution
		HideSolutionNode = FALSE
	EndGlobalSection
	GlobalSection(ExtensibilityGlobals) = postSolution
		SolutionGuid = {97770B65-7B68-4BA2-930E-00FF98B6DC19}
	EndGlobalSection
EndGlobal
